
Microsoft Visual Studio Solution File, Format Version 12.00
# Visual Studio 15
VisualStudioVersion = 15.0.27703.2000
MinimumVisualStudioVersion = 10.0.40219.1
Project("{8BC9CEB8-8B4A-11D0-8D11-00A0C91BC942}") = "test_bof", "test_bof\test_bof.vcxproj", "{F7F229B1-32AD-44D5-BE92-4900D6217D95}"
EndProject
Global
	GlobalSection(SolutionConfigurationPlatforms) = preSolution
		Debug|x64 = Debug|x64
		Debug|x86 = Debug|x86
		Release|x64 = Release|x64
		Release|x86 = Release|x86
	EndGlobalSection
	GlobalSection(ProjectConfigurationPlatforms) = postSolution
		{F7F229B1-32AD-44D5-BE92-4900D6217D95}.Debug|x64.ActiveCfg = Debug|x64
		{F7F229B1-32AD-44D5-BE92-4900D6217D95}.Debug|x64.Build.0 = Debug|x64
		{F7F229B1-32AD-44D5-BE92-4900D6217D95}.Debug|x86.ActiveCfg = Debug|Win32
		{F7F229B1-32AD-44D5-BE92-4900D6217D95}.Debug|x86.Build.0 = Debug|Win32
		{F7F229B1-32AD-44D5-BE92-4900D6217D95}.Release|x64.ActiveCfg = Release|x64
		{F7F229B1-32AD-44D5-BE92-4900D6217D95}.Release|x64.Build.0 = Release|x64
		{F7F229B1-32AD-44D5-BE92-4900D6217D95}.Release|x86.ActiveCfg = Release|Win32
		{F7F229B1-32AD-44D5-BE92-4900D6217D95}.Release|x86.Build.0 = Release|Win32
	EndGlobalSection
	GlobalSection(SolutionProperties) = preSolution
		HideSolutionNode = FALSE
	EndGlobalSection
	GlobalSection(ExtensibilityGlobals) = postSolution
		SolutionGuid = {D32E2196-AD82-45CC-89B0-F2CD740B44B0}
	EndGlobalSection
EndGlobal
