
Microsoft Visual Studio Solution File, Format Version 12.00
# Visual Studio 15
VisualStudioVersion = 15.0.27703.2000
MinimumVisualStudioVersion = 10.0.40219.1
Project("{8BC9CEB8-8B4A-11D0-8D11-00A0C91BC942}") = "Test1", "Test1\Test1.vcxproj", "{9BC83F8D-080F-4D54-8DB4-0FCAEF71DC0A}"
EndProject
Global
	GlobalSection(SolutionConfigurationPlatforms) = preSolution
		Debug|x64 = Debug|x64
		Debug|x86 = Debug|x86
		Release|x64 = Release|x64
		Release|x86 = Release|x86
	EndGlobalSection
	GlobalSection(ProjectConfigurationPlatforms) = postSolution
		{9BC83F8D-080F-4D54-8DB4-0FCAEF71DC0A}.Debug|x64.ActiveCfg = Debug|x64
		{9BC83F8D-080F-4D54-8DB4-0FCAEF71DC0A}.Debug|x64.Build.0 = Debug|x64
		{9BC83F8D-080F-4D54-8DB4-0FCAEF71DC0A}.Debug|x86.ActiveCfg = Debug|Win32
		{9BC83F8D-080F-4D54-8DB4-0FCAEF71DC0A}.Debug|x86.Build.0 = Debug|Win32
		{9BC83F8D-080F-4D54-8DB4-0FCAEF71DC0A}.Release|x64.ActiveCfg = Release|x64
		{9BC83F8D-080F-4D54-8DB4-0FCAEF71DC0A}.Release|x64.Build.0 = Release|x64
		{9BC83F8D-080F-4D54-8DB4-0FCAEF71DC0A}.Release|x86.ActiveCfg = Release|Win32
		{9BC83F8D-080F-4D54-8DB4-0FCAEF71DC0A}.Release|x86.Build.0 = Release|Win32
	EndGlobalSection
	GlobalSection(SolutionProperties) = preSolution
		HideSolutionNode = FALSE
	EndGlobalSection
	GlobalSection(ExtensibilityGlobals) = postSolution
		SolutionGuid = {0582A610-49D7-4A26-8337-F957BB777327}
	EndGlobalSection
EndGlobal
